
Microsoft Visual Studio Solution File, Format Version 12.00
# Visual Studio 14
VisualStudioVersion = 14.0.22231.1
MinimumVisualStudioVersion = 10.0.40219.1
Project("{FAE04EC0-301F-11D3-BF4B-00C04F79EFBC}") = "DefinitelyTypedHubs", "DefinitelyTypedHubs\DefinitelyTypedHubs\DefinitelyTypedHubs.csproj", "{C8C5D90C-AD6A-4709-BD48-229FFE5431F6}"
EndProject
Project("{FAE04EC0-301F-11D3-BF4B-00C04F79EFBC}") = "DefinitelyTypedHubs.Vsix", "DefinitelyTypedHubs\DefinitelyTypedHubs.Vsix\DefinitelyTypedHubs.Vsix.csproj", "{ACBF9569-1C3E-4A10-92D2-37FB99CF0AC1}"
EndProject
Global
	GlobalSection(SolutionConfigurationPlatforms) = preSolution
		Debug|Any CPU = Debug|Any CPU
		Release|Any CPU = Release|Any CPU
	EndGlobalSection
	GlobalSection(ProjectConfigurationPlatforms) = postSolution
		{C8C5D90C-AD6A-4709-BD48-229FFE5431F6}.Debug|Any CPU.ActiveCfg = Debug|Any CPU
		{C8C5D90C-AD6A-4709-BD48-229FFE5431F6}.Debug|Any CPU.Build.0 = Debug|Any CPU
		{C8C5D90C-AD6A-4709-BD48-229FFE5431F6}.Release|Any CPU.ActiveCfg = Release|Any CPU
		{C8C5D90C-AD6A-4709-BD48-229FFE5431F6}.Release|Any CPU.Build.0 = Release|Any CPU
		{ACBF9569-1C3E-4A10-92D2-37FB99CF0AC1}.Debug|Any CPU.ActiveCfg = Debug|Any CPU
		{ACBF9569-1C3E-4A10-92D2-37FB99CF0AC1}.Debug|Any CPU.Build.0 = Debug|Any CPU
		{ACBF9569-1C3E-4A10-92D2-37FB99CF0AC1}.Release|Any CPU.ActiveCfg = Release|Any CPU
		{ACBF9569-1C3E-4A10-92D2-37FB99CF0AC1}.Release|Any CPU.Build.0 = Release|Any CPU
	EndGlobalSection
	GlobalSection(SolutionProperties) = preSolution
		HideSolutionNode = FALSE
	EndGlobalSection
EndGlobal
